
Microsoft Visual Studio Solution File, Format Version 12.00
# Visual Studio Version 17
VisualStudioVersion = 17.4.33110.190
MinimumVisualStudioVersion = 10.0.40219.1
Project("{9A19103F-16F7-4668-BE54-9A1E7A4F7556}") = "GradeBook", "GradeBook.csproj", "{C040E993-CA2B-46D1-8D39-ADE144E49E11}"
EndProject
Global
	GlobalSection(SolutionConfigurationPlatforms) = preSolution
		Debug|Any CPU = Debug|Any CPU
		Release|Any CPU = Release|Any CPU
	EndGlobalSection
	GlobalSection(ProjectConfigurationPlatforms) = postSolution
		{C040E993-CA2B-46D1-8D39-ADE144E49E11}.Debug|Any CPU.ActiveCfg = Debug|Any CPU
		{C040E993-CA2B-46D1-8D39-ADE144E49E11}.Debug|Any CPU.Build.0 = Debug|Any CPU
		{C040E993-CA2B-46D1-8D39-ADE144E49E11}.Release|Any CPU.ActiveCfg = Release|Any CPU
		{C040E993-CA2B-46D1-8D39-ADE144E49E11}.Release|Any CPU.Build.0 = Release|Any CPU
	EndGlobalSection
	GlobalSection(SolutionProperties) = preSolution
		HideSolutionNode = FALSE
	EndGlobalSection
	GlobalSection(ExtensibilityGlobals) = postSolution
		SolutionGuid = {5B1C829C-9F5F-432E-8334-470E064AF490}
	EndGlobalSection
EndGlobal
